// !$*UTF8*$!
{
	archiveVersion = 1;
	classes = {
	};
	objectVersion = 46;
	objects = {

/* Begin PBXBuildFile section */
		1C19700E1EAD3CB100941820 /* MapSettingsController.swift in Sources */ = {isa = PBXBuildFile; fileRef = 1C19700D1EAD3CB100941820 /* MapSettingsController.swift */; };
		40003B301EB9632500CFBEB3 /* Cart.storyboard in Resources */ = {isa = PBXBuildFile; fileRef = 40003B2F1EB9632500CFBEB3 /* Cart.storyboard */; };
		40003B321EB966CD00CFBEB3 /* CartCollectionViewCell.swift in Sources */ = {isa = PBXBuildFile; fileRef = 40003B311EB966CD00CFBEB3 /* CartCollectionViewCell.swift */; };
		40003B341EB969EC00CFBEB3 /* cartPlaceIds.plist in Resources */ = {isa = PBXBuildFile; fileRef = 40003B331EB969EC00CFBEB3 /* cartPlaceIds.plist */; };
		40003B361EB99C8000CFBEB3 /* circle-x-delete-button.png in Resources */ = {isa = PBXBuildFile; fileRef = 40003B351EB99C8000CFBEB3 /* circle-x-delete-button.png */; };
		40003B381EB9A0D100CFBEB3 /* CartDeleteButton.swift in Sources */ = {isa = PBXBuildFile; fileRef = 40003B371EB9A0D100CFBEB3 /* CartDeleteButton.swift */; };
		4037C0691EA302AC0050114B /* PlaceStore.swift in Sources */ = {isa = PBXBuildFile; fileRef = 4037C0681EA302AC0050114B /* PlaceStore.swift */; };
		4037C06B1EA400A80050114B /* PlacePhoto.swift in Sources */ = {isa = PBXBuildFile; fileRef = 4037C06A1EA400A80050114B /* PlacePhoto.swift */; };
		4037C06D1EA432730050114B /* Placeholder_location.png in Resources */ = {isa = PBXBuildFile; fileRef = 4037C06C1EA432730050114B /* Placeholder_location.png */; };
		4037C06F1EA43DEC0050114B /* SlideUpView.swift in Sources */ = {isa = PBXBuildFile; fileRef = 4037C06E1EA43DEC0050114B /* SlideUpView.swift */; };
		40425EF51EA95400009EE626 /* NearbyCollectionViewFlowLayout.swift in Sources */ = {isa = PBXBuildFile; fileRef = 40425EF41EA95400009EE626 /* NearbyCollectionViewFlowLayout.swift */; };
		4052B1461EA119C000BB16ED /* PopularTableViewCell.swift in Sources */ = {isa = PBXBuildFile; fileRef = 4052B1441EA119C000BB16ED /* PopularTableViewCell.swift */; };
		4052B1471EA119C000BB16ED /* PopularTableViewCell.xib in Resources */ = {isa = PBXBuildFile; fileRef = 4052B1451EA119C000BB16ED /* PopularTableViewCell.xib */; };
		406F669F1EAE6525006D827D /* availableTags.plist in Resources */ = {isa = PBXBuildFile; fileRef = 406F669E1EAE6525006D827D /* availableTags.plist */; };
		4072F1F31EBACE7300D86F3F /* DetailView.xib in Resources */ = {isa = PBXBuildFile; fileRef = 4072F1F21EBACE7300D86F3F /* DetailView.xib */; };
		407C8CB81E9C54F4002AF485 /* TravelNavBarView.swift in Sources */ = {isa = PBXBuildFile; fileRef = 407C8CB51E9C54F4002AF485 /* TravelNavBarView.swift */; };
		407C8CBA1E9C54F4002AF485 /* TravelSearchController.swift in Sources */ = {isa = PBXBuildFile; fileRef = 407C8CB71E9C54F4002AF485 /* TravelSearchController.swift */; };
		408C99E81EBC2A08008C94E6 /* CartCollectionReusableView.swift in Sources */ = {isa = PBXBuildFile; fileRef = 408C99E61EBC2A08008C94E6 /* CartCollectionReusableView.swift */; };
		40B459391E9F5FA8005420B0 /* SlideUpCollectionViewCell.swift in Sources */ = {isa = PBXBuildFile; fileRef = 40B459371E9F5FA8005420B0 /* SlideUpCollectionViewCell.swift */; };
		40B4593A1E9F5FA8005420B0 /* SlideUpCollectionViewCell.xib in Resources */ = {isa = PBXBuildFile; fileRef = 40B459381E9F5FA8005420B0 /* SlideUpCollectionViewCell.xib */; };
		56237F561E804BDA0000ED5E /* tagPreferences.plist in Resources */ = {isa = PBXBuildFile; fileRef = 56237F551E804BDA0000ED5E /* tagPreferences.plist */; };
		562B5BB41EAECD31000D20CE /* APIConfig.plist in Resources */ = {isa = PBXBuildFile; fileRef = 562B5BB31EAECD31000D20CE /* APIConfig.plist */; };
		56DABE101EB7B9510068C804 /* CardSwipe.storyboard in Resources */ = {isa = PBXBuildFile; fileRef = 56DABE0F1EB7B9510068C804 /* CardSwipe.storyboard */; };
		56DABE121EB7B95A0068C804 /* CardSwipeController.swift in Sources */ = {isa = PBXBuildFile; fileRef = 56DABE111EB7B95A0068C804 /* CardSwipeController.swift */; };
		56DABE181EB7B9820068C804 /* CardContentView.xib in Resources */ = {isa = PBXBuildFile; fileRef = 56DABE171EB7B9820068C804 /* CardContentView.xib */; };
		56E5AE361E805B710076C72F /* BubblesScene.swift in Sources */ = {isa = PBXBuildFile; fileRef = 56E5AE351E805B710076C72F /* BubblesScene.swift */; };
		56E5AE381E805C220076C72F /* BubbleNode.swift in Sources */ = {isa = PBXBuildFile; fileRef = 56E5AE371E805C220076C72F /* BubbleNode.swift */; };
		56E5AE3A1E81C1840076C72F /* Plist.swift in Sources */ = {isa = PBXBuildFile; fileRef = 56E5AE391E81C1840076C72F /* Plist.swift */; };
		8116A8F499702718BE4B1987 /* Pods_TravelApp.framework in Frameworks */ = {isa = PBXBuildFile; fileRef = 4DB01D80E1D149DF667641A0 /* Pods_TravelApp.framework */; };
		960A1A441EBB152B00C3C886 /* CardView.swift in Sources */ = {isa = PBXBuildFile; fileRef = 960A1A431EBB152B00C3C886 /* CardView.swift */; };
		960A1A461EBB1FA800C3C886 /* CardContentViewController.swift in Sources */ = {isa = PBXBuildFile; fileRef = 960A1A451EBB1FA800C3C886 /* CardContentViewController.swift */; };
		96AA8ADF1E771BA0001AB7D0 /* Preference.storyboard in Resources */ = {isa = PBXBuildFile; fileRef = 96AA8ADE1E771BA0001AB7D0 /* Preference.storyboard */; };
		96C0D02B1E77064300B316B8 /* Preference.swift in Sources */ = {isa = PBXBuildFile; fileRef = 96C0D02A1E77064300B316B8 /* Preference.swift */; };
		FA333D381EAD451800FEA832 /* Welcome.storyboard in Resources */ = {isa = PBXBuildFile; fileRef = FA333D371EAD451800FEA832 /* Welcome.storyboard */; };
		FA333D3A1EAD452E00FEA832 /* TagTutViewController.swift in Sources */ = {isa = PBXBuildFile; fileRef = FA333D391EAD452E00FEA832 /* TagTutViewController.swift */; };
		FA452EFB1EAD7E36009F007D /* LocationService.swift in Sources */ = {isa = PBXBuildFile; fileRef = 1CD5C2D01E7C588F00181BC7 /* LocationService.swift */; };
		FA452EFC1EAD7E43009F007D /* PlacesAPISearch.swift in Sources */ = {isa = PBXBuildFile; fileRef = 4060C1E81E91AA5D009477BE /* PlacesAPISearch.swift */; };
		FA452EFD1EAD7E5B009F007D /* TravelSearchBar.swift in Sources */ = {isa = PBXBuildFile; fileRef = 407C8CB61E9C54F4002AF485 /* TravelSearchBar.swift */; };
		FA555D9F1EB01A2700E3D151 /* GoogleService-Info.plist in Resources */ = {isa = PBXBuildFile; fileRef = FA555D9E1EB01A2700E3D151 /* GoogleService-Info.plist */; };
		FA85AF3B1EADB0BD00918965 /* Page1ViewController.swift in Sources */ = {isa = PBXBuildFile; fileRef = FA85AF3A1EADB0BD00918965 /* Page1ViewController.swift */; };
		FAA243261E706432009AB3DB /* AppDelegate.swift in Sources */ = {isa = PBXBuildFile; fileRef = FAA243251E706432009AB3DB /* AppDelegate.swift */; };
		FAA2432F1E706432009AB3DB /* Assets.xcassets in Resources */ = {isa = PBXBuildFile; fileRef = FAA2432E1E706432009AB3DB /* Assets.xcassets */; };
		FAA243321E706432009AB3DB /* LaunchScreen.storyboard in Resources */ = {isa = PBXBuildFile; fileRef = FAA243301E706432009AB3DB /* LaunchScreen.storyboard */; };
		FAA2433D1E706432009AB3DB /* TravelAppTests.swift in Sources */ = {isa = PBXBuildFile; fileRef = FAA2433C1E706432009AB3DB /* TravelAppTests.swift */; };
		FAA243481E706432009AB3DB /* TravelAppUITests.swift in Sources */ = {isa = PBXBuildFile; fileRef = FAA243471E706432009AB3DB /* TravelAppUITests.swift */; };
		FAA243581E7093A9009AB3DB /* CartViewController.swift in Sources */ = {isa = PBXBuildFile; fileRef = FAA243571E7093A9009AB3DB /* CartViewController.swift */; };
		FAA2435E1E70BB1D009AB3DB /* TagViewController.swift in Sources */ = {isa = PBXBuildFile; fileRef = FAA2435D1E70BB1D009AB3DB /* TagViewController.swift */; };
		FAA243611E71BD2C009AB3DB /* Tag.storyboard in Resources */ = {isa = PBXBuildFile; fileRef = FAA2435F1E71BD2C009AB3DB /* Tag.storyboard */; };
		FAA2436D1E71C2D0009AB3DB /* MapViewController.swift in Sources */ = {isa = PBXBuildFile; fileRef = FAA2436C1E71C2D0009AB3DB /* MapViewController.swift */; };
		FAA243721E71C38B009AB3DB /* Map.storyboard in Resources */ = {isa = PBXBuildFile; fileRef = FAA243711E71C38B009AB3DB /* Map.storyboard */; };
		FAC619E01EBBF264000FBEFD /* tagTut.gif in Resources */ = {isa = PBXBuildFile; fileRef = FAC619DF1EBBF264000FBEFD /* tagTut.gif */; };
		FAC619E61EBBF3EA000FBEFD /* mapTut.gif in Resources */ = {isa = PBXBuildFile; fileRef = FAC619E51EBBF3EA000FBEFD /* mapTut.gif */; };
		FAC619E81EBBF414000FBEFD /* SwipeTutViewController.swift in Sources */ = {isa = PBXBuildFile; fileRef = FAC619E71EBBF414000FBEFD /* SwipeTutViewController.swift */; };
		FAC619EA1EBBF444000FBEFD /* MapTutViewController.swift in Sources */ = {isa = PBXBuildFile; fileRef = FAC619E91EBBF444000FBEFD /* MapTutViewController.swift */; };
		FAC619EC1EBBF57A000FBEFD /* swipeCardsTut.gif in Resources */ = {isa = PBXBuildFile; fileRef = FAC619EB1EBBF57A000FBEFD /* swipeCardsTut.gif */; };
		FAF76E451EAD6B2B00A5E094 /* OnboardPageViewController.swift in Sources */ = {isa = PBXBuildFile; fileRef = FAF76E441EAD6B2B00A5E094 /* OnboardPageViewController.swift */; };
		FAF76E471EAD735500A5E094 /* PlaceDetailViewController.swift in Sources */ = {isa = PBXBuildFile; fileRef = FAF76E461EAD735500A5E094 /* PlaceDetailViewController.swift */; };
		FAF76E491EAD741E00A5E094 /* WelcomeButtonViewController.swift in Sources */ = {isa = PBXBuildFile; fileRef = FAF76E481EAD741E00A5E094 /* WelcomeButtonViewController.swift */; };
/* End PBXBuildFile section */

/* Begin PBXContainerItemProxy section */
		FAA243391E706432009AB3DB /* PBXContainerItemProxy */ = {
			isa = PBXContainerItemProxy;
			containerPortal = FAA2431A1E706432009AB3DB /* Project object */;
			proxyType = 1;
			remoteGlobalIDString = FAA243211E706432009AB3DB;
			remoteInfo = TravelApp;
		};
		FAA243441E706432009AB3DB /* PBXContainerItemProxy */ = {
			isa = PBXContainerItemProxy;
			containerPortal = FAA2431A1E706432009AB3DB /* Project object */;
			proxyType = 1;
			remoteGlobalIDString = FAA243211E706432009AB3DB;
			remoteInfo = TravelApp;
		};
/* End PBXContainerItemProxy section */

/* Begin PBXFileReference section */
		1C19700D1EAD3CB100941820 /* MapSettingsController.swift */ = {isa = PBXFileReference; fileEncoding = 4; lastKnownFileType = sourcecode.swift; path = MapSettingsController.swift; sourceTree = "<group>"; };
		1CD5C2D01E7C588F00181BC7 /* LocationService.swift */ = {isa = PBXFileReference; fileEncoding = 4; lastKnownFileType = sourcecode.swift; path = LocationService.swift; sourceTree = "<group>"; };
		40003B2F1EB9632500CFBEB3 /* Cart.storyboard */ = {isa = PBXFileReference; fileEncoding = 4; lastKnownFileType = file.storyboard; path = Cart.storyboard; sourceTree = "<group>"; };
		40003B311EB966CD00CFBEB3 /* CartCollectionViewCell.swift */ = {isa = PBXFileReference; fileEncoding = 4; lastKnownFileType = sourcecode.swift; path = CartCollectionViewCell.swift; sourceTree = "<group>"; };
		40003B331EB969EC00CFBEB3 /* cartPlaceIds.plist */ = {isa = PBXFileReference; fileEncoding = 4; lastKnownFileType = text.plist.xml; path = cartPlaceIds.plist; sourceTree = "<group>"; };
		40003B351EB99C8000CFBEB3 /* circle-x-delete-button.png */ = {isa = PBXFileReference; lastKnownFileType = image.png; path = "circle-x-delete-button.png"; sourceTree = "<group>"; };
		40003B371EB9A0D100CFBEB3 /* CartDeleteButton.swift */ = {isa = PBXFileReference; fileEncoding = 4; lastKnownFileType = sourcecode.swift; path = CartDeleteButton.swift; sourceTree = "<group>"; };
		4037C0681EA302AC0050114B /* PlaceStore.swift */ = {isa = PBXFileReference; fileEncoding = 4; lastKnownFileType = sourcecode.swift; name = PlaceStore.swift; path = TravelApp/PlaceStore.swift; sourceTree = "<group>"; };
		4037C06A1EA400A80050114B /* PlacePhoto.swift */ = {isa = PBXFileReference; fileEncoding = 4; lastKnownFileType = sourcecode.swift; name = PlacePhoto.swift; path = TravelApp/PlacePhoto.swift; sourceTree = "<group>"; };
		4037C06C1EA432730050114B /* Placeholder_location.png */ = {isa = PBXFileReference; lastKnownFileType = image.png; path = Placeholder_location.png; sourceTree = "<group>"; };
		4037C06E1EA43DEC0050114B /* SlideUpView.swift */ = {isa = PBXFileReference; fileEncoding = 4; lastKnownFileType = sourcecode.swift; name = SlideUpView.swift; path = SlideUpView/SlideUpView.swift; sourceTree = "<group>"; };
		40425EF41EA95400009EE626 /* NearbyCollectionViewFlowLayout.swift */ = {isa = PBXFileReference; fileEncoding = 4; lastKnownFileType = sourcecode.swift; name = NearbyCollectionViewFlowLayout.swift; path = SlideUpView/NearbyCollectionViewFlowLayout.swift; sourceTree = "<group>"; };
		4052B1441EA119C000BB16ED /* PopularTableViewCell.swift */ = {isa = PBXFileReference; fileEncoding = 4; lastKnownFileType = sourcecode.swift; name = PopularTableViewCell.swift; path = SlideUpView/PopularTableViewCell.swift; sourceTree = "<group>"; };
		4052B1451EA119C000BB16ED /* PopularTableViewCell.xib */ = {isa = PBXFileReference; fileEncoding = 4; lastKnownFileType = file.xib; name = PopularTableViewCell.xib; path = SlideUpView/PopularTableViewCell.xib; sourceTree = "<group>"; };
		4060C1E81E91AA5D009477BE /* PlacesAPISearch.swift */ = {isa = PBXFileReference; fileEncoding = 4; lastKnownFileType = sourcecode.swift; name = PlacesAPISearch.swift; path = TravelApp/SearchBar/PlacesAPISearch.swift; sourceTree = "<group>"; };
		406F669E1EAE6525006D827D /* availableTags.plist */ = {isa = PBXFileReference; fileEncoding = 4; lastKnownFileType = text.plist.xml; path = availableTags.plist; sourceTree = "<group>"; };
		4072F1F21EBACE7300D86F3F /* DetailView.xib */ = {isa = PBXFileReference; fileEncoding = 4; lastKnownFileType = file.xib; path = DetailView.xib; sourceTree = "<group>"; };
		407C8CB51E9C54F4002AF485 /* TravelNavBarView.swift */ = {isa = PBXFileReference; fileEncoding = 4; lastKnownFileType = sourcecode.swift; name = TravelNavBarView.swift; path = TravelApp/SearchBar/TravelNavBarView.swift; sourceTree = "<group>"; };
		407C8CB61E9C54F4002AF485 /* TravelSearchBar.swift */ = {isa = PBXFileReference; fileEncoding = 4; lastKnownFileType = sourcecode.swift; name = TravelSearchBar.swift; path = TravelApp/SearchBar/TravelSearchBar.swift; sourceTree = "<group>"; };
		407C8CB71E9C54F4002AF485 /* TravelSearchController.swift */ = {isa = PBXFileReference; fileEncoding = 4; lastKnownFileType = sourcecode.swift; name = TravelSearchController.swift; path = TravelApp/SearchBar/TravelSearchController.swift; sourceTree = "<group>"; };
		408C99E61EBC2A08008C94E6 /* CartCollectionReusableView.swift */ = {isa = PBXFileReference; fileEncoding = 4; lastKnownFileType = sourcecode.swift; path = CartCollectionReusableView.swift; sourceTree = "<group>"; };
		40B459351E9F58AE005420B0 /* QuartzCore.framework */ = {isa = PBXFileReference; lastKnownFileType = wrapper.framework; name = QuartzCore.framework; path = System/Library/Frameworks/QuartzCore.framework; sourceTree = SDKROOT; };
		40B459371E9F5FA8005420B0 /* SlideUpCollectionViewCell.swift */ = {isa = PBXFileReference; fileEncoding = 4; lastKnownFileType = sourcecode.swift; name = SlideUpCollectionViewCell.swift; path = SlideUpView/SlideUpCollectionViewCell.swift; sourceTree = "<group>"; };
		40B459381E9F5FA8005420B0 /* SlideUpCollectionViewCell.xib */ = {isa = PBXFileReference; fileEncoding = 4; lastKnownFileType = file.xib; name = SlideUpCollectionViewCell.xib; path = SlideUpView/SlideUpCollectionViewCell.xib; sourceTree = "<group>"; };
		4DB01D80E1D149DF667641A0 /* Pods_TravelApp.framework */ = {isa = PBXFileReference; explicitFileType = wrapper.framework; includeInIndex = 0; path = Pods_TravelApp.framework; sourceTree = BUILT_PRODUCTS_DIR; };
		56237F551E804BDA0000ED5E /* tagPreferences.plist */ = {isa = PBXFileReference; fileEncoding = 4; lastKnownFileType = text.plist.xml; path = tagPreferences.plist; sourceTree = "<group>"; };
		562B5BB31EAECD31000D20CE /* APIConfig.plist */ = {isa = PBXFileReference; fileEncoding = 4; lastKnownFileType = text.plist.xml; path = APIConfig.plist; sourceTree = SOURCE_ROOT; };
		5689233F0C1E7E572F694497 /* Pods-TravelApp.release.xcconfig */ = {isa = PBXFileReference; includeInIndex = 1; lastKnownFileType = text.xcconfig; name = "Pods-TravelApp.release.xcconfig"; path = "Pods/Target Support Files/Pods-TravelApp/Pods-TravelApp.release.xcconfig"; sourceTree = "<group>"; };
		56DABE0F1EB7B9510068C804 /* CardSwipe.storyboard */ = {isa = PBXFileReference; fileEncoding = 4; lastKnownFileType = file.storyboard; path = CardSwipe.storyboard; sourceTree = "<group>"; };
		56DABE111EB7B95A0068C804 /* CardSwipeController.swift */ = {isa = PBXFileReference; fileEncoding = 4; lastKnownFileType = sourcecode.swift; path = CardSwipeController.swift; sourceTree = "<group>"; };
		56DABE171EB7B9820068C804 /* CardContentView.xib */ = {isa = PBXFileReference; fileEncoding = 4; lastKnownFileType = file.xib; path = CardContentView.xib; sourceTree = "<group>"; };
		56E5AE351E805B710076C72F /* BubblesScene.swift */ = {isa = PBXFileReference; fileEncoding = 4; lastKnownFileType = sourcecode.swift; path = BubblesScene.swift; sourceTree = "<group>"; };
		56E5AE371E805C220076C72F /* BubbleNode.swift */ = {isa = PBXFileReference; fileEncoding = 4; lastKnownFileType = sourcecode.swift; path = BubbleNode.swift; sourceTree = "<group>"; };
		56E5AE391E81C1840076C72F /* Plist.swift */ = {isa = PBXFileReference; fileEncoding = 4; lastKnownFileType = sourcecode.swift; path = Plist.swift; sourceTree = "<group>"; };
		960A1A431EBB152B00C3C886 /* CardView.swift */ = {isa = PBXFileReference; fileEncoding = 4; lastKnownFileType = sourcecode.swift; path = CardView.swift; sourceTree = "<group>"; };
		960A1A451EBB1FA800C3C886 /* CardContentViewController.swift */ = {isa = PBXFileReference; fileEncoding = 4; lastKnownFileType = sourcecode.swift; path = CardContentViewController.swift; sourceTree = "<group>"; };
		96AA8ADE1E771BA0001AB7D0 /* Preference.storyboard */ = {isa = PBXFileReference; fileEncoding = 4; lastKnownFileType = file.storyboard; path = Preference.storyboard; sourceTree = "<group>"; };
		96C0D02A1E77064300B316B8 /* Preference.swift */ = {isa = PBXFileReference; fileEncoding = 4; lastKnownFileType = sourcecode.swift; path = Preference.swift; sourceTree = "<group>"; };
		D877152BD7B5F48564990CAE /* Pods-TravelApp.debug.xcconfig */ = {isa = PBXFileReference; includeInIndex = 1; lastKnownFileType = text.xcconfig; name = "Pods-TravelApp.debug.xcconfig"; path = "Pods/Target Support Files/Pods-TravelApp/Pods-TravelApp.debug.xcconfig"; sourceTree = "<group>"; };
		FA333D371EAD451800FEA832 /* Welcome.storyboard */ = {isa = PBXFileReference; fileEncoding = 4; lastKnownFileType = file.storyboard; path = Welcome.storyboard; sourceTree = "<group>"; };
		FA333D391EAD452E00FEA832 /* TagTutViewController.swift */ = {isa = PBXFileReference; fileEncoding = 4; lastKnownFileType = sourcecode.swift; path = TagTutViewController.swift; sourceTree = "<group>"; };
		FA555D9E1EB01A2700E3D151 /* GoogleService-Info.plist */ = {isa = PBXFileReference; fileEncoding = 4; lastKnownFileType = text.plist.xml; name = "GoogleService-Info.plist"; path = "TravelApp/GoogleService-Info.plist"; sourceTree = "<group>"; };
		FA85AF3A1EADB0BD00918965 /* Page1ViewController.swift */ = {isa = PBXFileReference; fileEncoding = 4; lastKnownFileType = sourcecode.swift; path = Page1ViewController.swift; sourceTree = "<group>"; };
		FAA243221E706432009AB3DB /* TravelApp.app */ = {isa = PBXFileReference; explicitFileType = wrapper.application; includeInIndex = 0; path = TravelApp.app; sourceTree = BUILT_PRODUCTS_DIR; };
		FAA243251E706432009AB3DB /* AppDelegate.swift */ = {isa = PBXFileReference; lastKnownFileType = sourcecode.swift; path = AppDelegate.swift; sourceTree = "<group>"; };
		FAA2432E1E706432009AB3DB /* Assets.xcassets */ = {isa = PBXFileReference; lastKnownFileType = folder.assetcatalog; path = Assets.xcassets; sourceTree = "<group>"; };
		FAA243311E706432009AB3DB /* Base */ = {isa = PBXFileReference; lastKnownFileType = file.storyboard; name = Base; path = Base.lproj/LaunchScreen.storyboard; sourceTree = "<group>"; };
		FAA243331E706432009AB3DB /* Info.plist */ = {isa = PBXFileReference; lastKnownFileType = text.plist.xml; path = Info.plist; sourceTree = "<group>"; };
		FAA243381E706432009AB3DB /* TravelAppTests.xctest */ = {isa = PBXFileReference; explicitFileType = wrapper.cfbundle; includeInIndex = 0; path = TravelAppTests.xctest; sourceTree = BUILT_PRODUCTS_DIR; };
		FAA2433C1E706432009AB3DB /* TravelAppTests.swift */ = {isa = PBXFileReference; lastKnownFileType = sourcecode.swift; path = TravelAppTests.swift; sourceTree = "<group>"; };
		FAA2433E1E706432009AB3DB /* Info.plist */ = {isa = PBXFileReference; lastKnownFileType = text.plist.xml; path = Info.plist; sourceTree = "<group>"; };
		FAA243431E706432009AB3DB /* TravelAppUITests.xctest */ = {isa = PBXFileReference; explicitFileType = wrapper.cfbundle; includeInIndex = 0; path = TravelAppUITests.xctest; sourceTree = BUILT_PRODUCTS_DIR; };
		FAA243471E706432009AB3DB /* TravelAppUITests.swift */ = {isa = PBXFileReference; lastKnownFileType = sourcecode.swift; path = TravelAppUITests.swift; sourceTree = "<group>"; };
		FAA243491E706432009AB3DB /* Info.plist */ = {isa = PBXFileReference; lastKnownFileType = text.plist.xml; path = Info.plist; sourceTree = "<group>"; };
		FAA243571E7093A9009AB3DB /* CartViewController.swift */ = {isa = PBXFileReference; fileEncoding = 4; lastKnownFileType = sourcecode.swift; path = CartViewController.swift; sourceTree = "<group>"; };
		FAA2435D1E70BB1D009AB3DB /* TagViewController.swift */ = {isa = PBXFileReference; fileEncoding = 4; lastKnownFileType = sourcecode.swift; path = TagViewController.swift; sourceTree = "<group>"; };
		FAA243601E71BD2C009AB3DB /* Base */ = {isa = PBXFileReference; lastKnownFileType = file.storyboard; name = Base; path = Base.lproj/Tag.storyboard; sourceTree = "<group>"; };
		FAA2436C1E71C2D0009AB3DB /* MapViewController.swift */ = {isa = PBXFileReference; fileEncoding = 4; lastKnownFileType = sourcecode.swift; path = MapViewController.swift; sourceTree = "<group>"; };
		FAA243711E71C38B009AB3DB /* Map.storyboard */ = {isa = PBXFileReference; fileEncoding = 4; lastKnownFileType = file.storyboard; path = Map.storyboard; sourceTree = "<group>"; };
		FAC619DF1EBBF264000FBEFD /* tagTut.gif */ = {isa = PBXFileReference; lastKnownFileType = image.gif; path = tagTut.gif; sourceTree = "<group>"; };
		FAC619E51EBBF3EA000FBEFD /* mapTut.gif */ = {isa = PBXFileReference; lastKnownFileType = image.gif; path = mapTut.gif; sourceTree = "<group>"; };
		FAC619E71EBBF414000FBEFD /* SwipeTutViewController.swift */ = {isa = PBXFileReference; fileEncoding = 4; lastKnownFileType = sourcecode.swift; path = SwipeTutViewController.swift; sourceTree = "<group>"; };
		FAC619E91EBBF444000FBEFD /* MapTutViewController.swift */ = {isa = PBXFileReference; fileEncoding = 4; lastKnownFileType = sourcecode.swift; path = MapTutViewController.swift; sourceTree = "<group>"; };
		FAC619EB1EBBF57A000FBEFD /* swipeCardsTut.gif */ = {isa = PBXFileReference; lastKnownFileType = image.gif; path = swipeCardsTut.gif; sourceTree = "<group>"; };
		FAF76E441EAD6B2B00A5E094 /* OnboardPageViewController.swift */ = {isa = PBXFileReference; fileEncoding = 4; lastKnownFileType = sourcecode.swift; path = OnboardPageViewController.swift; sourceTree = "<group>"; };
		FAF76E461EAD735500A5E094 /* PlaceDetailViewController.swift */ = {isa = PBXFileReference; fileEncoding = 4; lastKnownFileType = sourcecode.swift; path = PlaceDetailViewController.swift; sourceTree = "<group>"; };
		FAF76E481EAD741E00A5E094 /* WelcomeButtonViewController.swift */ = {isa = PBXFileReference; fileEncoding = 4; lastKnownFileType = sourcecode.swift; name = WelcomeButtonViewController.swift; path = ../WelcomeButtonViewController.swift; sourceTree = "<group>"; };
/* End PBXFileReference section */

/* Begin PBXFrameworksBuildPhase section */
		FAA2431F1E706432009AB3DB /* Frameworks */ = {
			isa = PBXFrameworksBuildPhase;
			buildActionMask = 2147483647;
			files = (
				8116A8F499702718BE4B1987 /* Pods_TravelApp.framework in Frameworks */,
			);
			runOnlyForDeploymentPostprocessing = 0;
		};
		FAA243351E706432009AB3DB /* Frameworks */ = {
			isa = PBXFrameworksBuildPhase;
			buildActionMask = 2147483647;
			files = (
			);
			runOnlyForDeploymentPostprocessing = 0;
		};
		FAA243401E706432009AB3DB /* Frameworks */ = {
			isa = PBXFrameworksBuildPhase;
			buildActionMask = 2147483647;
			files = (
			);
			runOnlyForDeploymentPostprocessing = 0;
		};
/* End PBXFrameworksBuildPhase section */

/* Begin PBXGroup section */
		1C76D6C81EB933C700A8657B /* GooglePlacesAPI */ = {
			isa = PBXGroup;
			children = (
				4060C1E81E91AA5D009477BE /* PlacesAPISearch.swift */,
				4037C0681EA302AC0050114B /* PlaceStore.swift */,
				4037C06A1EA400A80050114B /* PlacePhoto.swift */,
				FA555D9E1EB01A2700E3D151 /* GoogleService-Info.plist */,
				562B5BB31EAECD31000D20CE /* APIConfig.plist */,
			);
			name = GooglePlacesAPI;
			path = ..;
			sourceTree = "<group>";
		};
		1C76D6C91EB9342800A8657B /* WelcomeScreen */ = {
			isa = PBXGroup;
			children = (
				FAA243301E706432009AB3DB /* LaunchScreen.storyboard */,
				FAF76E481EAD741E00A5E094 /* WelcomeButtonViewController.swift */,
				FA333D391EAD452E00FEA832 /* TagTutViewController.swift */,
				FAF76E441EAD6B2B00A5E094 /* OnboardPageViewController.swift */,
				FA333D371EAD451800FEA832 /* Welcome.storyboard */,
				FA85AF3A1EADB0BD00918965 /* Page1ViewController.swift */,
				FAC619E71EBBF414000FBEFD /* SwipeTutViewController.swift */,
				FAC619E91EBBF444000FBEFD /* MapTutViewController.swift */,
			);
			name = WelcomeScreen;
			sourceTree = "<group>";
		};
		407C8CB41E9C54B7002AF485 /* SearchBar */ = {
			isa = PBXGroup;
			children = (
				407C8CB51E9C54F4002AF485 /* TravelNavBarView.swift */,
				407C8CB61E9C54F4002AF485 /* TravelSearchBar.swift */,
				407C8CB71E9C54F4002AF485 /* TravelSearchController.swift */,
			);
			name = SearchBar;
			path = ..;
			sourceTree = "<group>";
		};
		40B4592E1E9F2E47005420B0 /* SlideUpView */ = {
			isa = PBXGroup;
			children = (
				4037C06E1EA43DEC0050114B /* SlideUpView.swift */,
				40B459371E9F5FA8005420B0 /* SlideUpCollectionViewCell.swift */,
				4052B1441EA119C000BB16ED /* PopularTableViewCell.swift */,
				4052B1451EA119C000BB16ED /* PopularTableViewCell.xib */,
				40B459381E9F5FA8005420B0 /* SlideUpCollectionViewCell.xib */,
				40425EF41EA95400009EE626 /* NearbyCollectionViewFlowLayout.swift */,
			);
			name = SlideUpView;
			sourceTree = "<group>";
		};
		56DABE0E1EB7B9400068C804 /* SwipeView */ = {
			isa = PBXGroup;
			children = (
				56DABE111EB7B95A0068C804 /* CardSwipeController.swift */,
				56DABE0F1EB7B9510068C804 /* CardSwipe.storyboard */,
				960A1A451EBB1FA800C3C886 /* CardContentViewController.swift */,
				56DABE171EB7B9820068C804 /* CardContentView.xib */,
				960A1A431EBB152B00C3C886 /* CardView.swift */,
			);
			name = SwipeView;
			sourceTree = "<group>";
		};
		96C0D0291E77061E00B316B8 /* PreferenceView */ = {
			isa = PBXGroup;
			children = (
				96AA8ADE1E771BA0001AB7D0 /* Preference.storyboard */,
				96C0D02A1E77064300B316B8 /* Preference.swift */,
			);
			name = PreferenceView;
			sourceTree = "<group>";
		};
		A231B14D20A004ADEF4261DF /* Frameworks */ = {
			isa = PBXGroup;
			children = (
				40B459351E9F58AE005420B0 /* QuartzCore.framework */,
				4DB01D80E1D149DF667641A0 /* Pods_TravelApp.framework */,
			);
			name = Frameworks;
			sourceTree = "<group>";
		};
		C159EE03BD802A773F0FB4D2 /* Pods */ = {
			isa = PBXGroup;
			children = (
				D877152BD7B5F48564990CAE /* Pods-TravelApp.debug.xcconfig */,
				5689233F0C1E7E572F694497 /* Pods-TravelApp.release.xcconfig */,
			);
			name = Pods;
			sourceTree = "<group>";
		};
		FAA243191E706432009AB3DB = {
			isa = PBXGroup;
			children = (
				FAA243241E706432009AB3DB /* TravelApp */,
				FAA2433B1E706432009AB3DB /* TravelAppTests */,
				FAA243461E706432009AB3DB /* TravelAppUITests */,
				FAA243231E706432009AB3DB /* Products */,
				C159EE03BD802A773F0FB4D2 /* Pods */,
				A231B14D20A004ADEF4261DF /* Frameworks */,
			);
			sourceTree = "<group>";
		};
		FAA243231E706432009AB3DB /* Products */ = {
			isa = PBXGroup;
			children = (
				FAA243221E706432009AB3DB /* TravelApp.app */,
				FAA243381E706432009AB3DB /* TravelAppTests.xctest */,
				FAA243431E706432009AB3DB /* TravelAppUITests.xctest */,
			);
			name = Products;
			sourceTree = "<group>";
		};
		FAA243241E706432009AB3DB /* TravelApp */ = {
			isa = PBXGroup;
			children = (
				FAC619ED1EBBF781000FBEFD /* Gifs */,
				1C76D6C91EB9342800A8657B /* WelcomeScreen */,
				FAA243651E71BD93009AB3DB /* TagPreferences */,
				FAA243661E71BD9D009AB3DB /* MapView */,
				407C8CB41E9C54B7002AF485 /* SearchBar */,
				40B4592E1E9F2E47005420B0 /* SlideUpView */,
				56DABE0E1EB7B9400068C804 /* SwipeView */,
				96C0D0291E77061E00B316B8 /* PreferenceView */,
				FAA243641E71BD8A009AB3DB /* CartView */,
				1C76D6C81EB933C700A8657B /* GooglePlacesAPI */,
				FAA243251E706432009AB3DB /* AppDelegate.swift */,
				1CD5C2D01E7C588F00181BC7 /* LocationService.swift */,
				56E5AE391E81C1840076C72F /* Plist.swift */,
				FAA243331E706432009AB3DB /* Info.plist */,
				4037C06C1EA432730050114B /* Placeholder_location.png */,
				FAA2432E1E706432009AB3DB /* Assets.xcassets */,
			);
			path = TravelApp;
			sourceTree = "<group>";
		};
		FAA2433B1E706432009AB3DB /* TravelAppTests */ = {
			isa = PBXGroup;
			children = (
				FAA2433C1E706432009AB3DB /* TravelAppTests.swift */,
				FAA2433E1E706432009AB3DB /* Info.plist */,
			);
			path = TravelAppTests;
			sourceTree = "<group>";
		};
		FAA243461E706432009AB3DB /* TravelAppUITests */ = {
			isa = PBXGroup;
			children = (
				FAA243471E706432009AB3DB /* TravelAppUITests.swift */,
				FAA243491E706432009AB3DB /* Info.plist */,
			);
			path = TravelAppUITests;
			sourceTree = "<group>";
		};
		FAA243641E71BD8A009AB3DB /* CartView */ = {
			isa = PBXGroup;
			children = (
				408C99E61EBC2A08008C94E6 /* CartCollectionReusableView.swift */,
				4072F1F21EBACE7300D86F3F /* DetailView.xib */,
				40003B351EB99C8000CFBEB3 /* circle-x-delete-button.png */,
				40003B331EB969EC00CFBEB3 /* cartPlaceIds.plist */,
				40003B2F1EB9632500CFBEB3 /* Cart.storyboard */,
				FAA243571E7093A9009AB3DB /* CartViewController.swift */,
				40003B311EB966CD00CFBEB3 /* CartCollectionViewCell.swift */,
				40003B371EB9A0D100CFBEB3 /* CartDeleteButton.swift */,
				FAF76E461EAD735500A5E094 /* PlaceDetailViewController.swift */,
			);
			name = CartView;
			sourceTree = "<group>";
		};
		FAA243651E71BD93009AB3DB /* TagPreferences */ = {
			isa = PBXGroup;
			children = (
				FAA2435F1E71BD2C009AB3DB /* Tag.storyboard */,
				FAA2435D1E70BB1D009AB3DB /* TagViewController.swift */,
				56E5AE351E805B710076C72F /* BubblesScene.swift */,
				56E5AE371E805C220076C72F /* BubbleNode.swift */,
				56237F551E804BDA0000ED5E /* tagPreferences.plist */,
				406F669E1EAE6525006D827D /* availableTags.plist */,
			);
			name = TagPreferences;
			sourceTree = "<group>";
		};
		FAA243661E71BD9D009AB3DB /* MapView */ = {
			isa = PBXGroup;
			children = (
				FAA243711E71C38B009AB3DB /* Map.storyboard */,
				FAA2436C1E71C2D0009AB3DB /* MapViewController.swift */,
				1C19700D1EAD3CB100941820 /* MapSettingsController.swift */,
			);
			name = MapView;
			sourceTree = "<group>";
		};
		FAC619ED1EBBF781000FBEFD /* Gifs */ = {
			isa = PBXGroup;
			children = (
				FAC619E51EBBF3EA000FBEFD /* mapTut.gif */,
				FAC619DF1EBBF264000FBEFD /* tagTut.gif */,
				FAC619EB1EBBF57A000FBEFD /* swipeCardsTut.gif */,
			);
			name = Gifs;
			sourceTree = "<group>";
		};
/* End PBXGroup section */

/* Begin PBXNativeTarget section */
		FAA243211E706432009AB3DB /* TravelApp */ = {
			isa = PBXNativeTarget;
			buildConfigurationList = FAA2434C1E706432009AB3DB /* Build configuration list for PBXNativeTarget "TravelApp" */;
			buildPhases = (
				41881636F67FF2AE47CFCF08 /* [CP] Check Pods Manifest.lock */,
				FAA2431E1E706432009AB3DB /* Sources */,
				FAA2431F1E706432009AB3DB /* Frameworks */,
				FAA243201E706432009AB3DB /* Resources */,
				6050E1BBBF512E7869FF2990 /* [CP] Embed Pods Frameworks */,
				87A10B262DFBEDB1275D9395 /* [CP] Copy Pods Resources */,
			);
			buildRules = (
			);
			dependencies = (
			);
			name = TravelApp;
			productName = TravelApp;
			productReference = FAA243221E706432009AB3DB /* TravelApp.app */;
			productType = "com.apple.product-type.application";
		};
		FAA243371E706432009AB3DB /* TravelAppTests */ = {
			isa = PBXNativeTarget;
			buildConfigurationList = FAA2434F1E706432009AB3DB /* Build configuration list for PBXNativeTarget "TravelAppTests" */;
			buildPhases = (
				FAA243341E706432009AB3DB /* Sources */,
				FAA243351E706432009AB3DB /* Frameworks */,
				FAA243361E706432009AB3DB /* Resources */,
			);
			buildRules = (
			);
			dependencies = (
				FAA2433A1E706432009AB3DB /* PBXTargetDependency */,
			);
			name = TravelAppTests;
			productName = TravelAppTests;
			productReference = FAA243381E706432009AB3DB /* TravelAppTests.xctest */;
			productType = "com.apple.product-type.bundle.unit-test";
		};
		FAA243421E706432009AB3DB /* TravelAppUITests */ = {
			isa = PBXNativeTarget;
			buildConfigurationList = FAA243521E706432009AB3DB /* Build configuration list for PBXNativeTarget "TravelAppUITests" */;
			buildPhases = (
				FAA2433F1E706432009AB3DB /* Sources */,
				FAA243401E706432009AB3DB /* Frameworks */,
				FAA243411E706432009AB3DB /* Resources */,
			);
			buildRules = (
			);
			dependencies = (
				FAA243451E706432009AB3DB /* PBXTargetDependency */,
			);
			name = TravelAppUITests;
			productName = TravelAppUITests;
			productReference = FAA243431E706432009AB3DB /* TravelAppUITests.xctest */;
			productType = "com.apple.product-type.bundle.ui-testing";
		};
/* End PBXNativeTarget section */

/* Begin PBXProject section */
		FAA2431A1E706432009AB3DB /* Project object */ = {
			isa = PBXProject;
			attributes = {
				LastSwiftUpdateCheck = 0820;
				LastUpgradeCheck = 0830;
				ORGANIZATIONNAME = "Scott Franklin";
				TargetAttributes = {
					FAA243211E706432009AB3DB = {
						CreatedOnToolsVersion = 8.2.1;
						DevelopmentTeam = QVW9R3V5SU;
						LastSwiftMigration = 0830;
						ProvisioningStyle = Automatic;
					};
					FAA243371E706432009AB3DB = {
						CreatedOnToolsVersion = 8.2.1;
						DevelopmentTeam = 3CBKZSSKFG;
						ProvisioningStyle = Automatic;
						TestTargetID = FAA243211E706432009AB3DB;
					};
					FAA243421E706432009AB3DB = {
						CreatedOnToolsVersion = 8.2.1;
						DevelopmentTeam = 3CBKZSSKFG;
						ProvisioningStyle = Automatic;
						TestTargetID = FAA243211E706432009AB3DB;
					};
				};
			};
			buildConfigurationList = FAA2431D1E706432009AB3DB /* Build configuration list for PBXProject "TravelApp" */;
			compatibilityVersion = "Xcode 3.2";
			developmentRegion = English;
			hasScannedForEncodings = 0;
			knownRegions = (
				en,
				Base,
			);
			mainGroup = FAA243191E706432009AB3DB;
			productRefGroup = FAA243231E706432009AB3DB /* Products */;
			projectDirPath = "";
			projectRoot = "";
			targets = (
				FAA243211E706432009AB3DB /* TravelApp */,
				FAA243371E706432009AB3DB /* TravelAppTests */,
				FAA243421E706432009AB3DB /* TravelAppUITests */,
			);
		};
/* End PBXProject section */

/* Begin PBXResourcesBuildPhase section */
		FAA243201E706432009AB3DB /* Resources */ = {
			isa = PBXResourcesBuildPhase;
			buildActionMask = 2147483647;
			files = (
				40003B301EB9632500CFBEB3 /* Cart.storyboard in Resources */,
				FAA243321E706432009AB3DB /* LaunchScreen.storyboard in Resources */,
				FAA243611E71BD2C009AB3DB /* Tag.storyboard in Resources */,
				FA555D9F1EB01A2700E3D151 /* GoogleService-Info.plist in Resources */,
				4072F1F31EBACE7300D86F3F /* DetailView.xib in Resources */,
				4037C06D1EA432730050114B /* Placeholder_location.png in Resources */,
				FAA243721E71C38B009AB3DB /* Map.storyboard in Resources */,
				FAC619E61EBBF3EA000FBEFD /* mapTut.gif in Resources */,
				56237F561E804BDA0000ED5E /* tagPreferences.plist in Resources */,
				40B4593A1E9F5FA8005420B0 /* SlideUpCollectionViewCell.xib in Resources */,
				FA333D381EAD451800FEA832 /* Welcome.storyboard in Resources */,
				FAA2432F1E706432009AB3DB /* Assets.xcassets in Resources */,
				4052B1471EA119C000BB16ED /* PopularTableViewCell.xib in Resources */,
				40003B341EB969EC00CFBEB3 /* cartPlaceIds.plist in Resources */,
				406F669F1EAE6525006D827D /* availableTags.plist in Resources */,
				FAC619EC1EBBF57A000FBEFD /* swipeCardsTut.gif in Resources */,
				96AA8ADF1E771BA0001AB7D0 /* Preference.storyboard in Resources */,
				56DABE181EB7B9820068C804 /* CardContentView.xib in Resources */,
				40003B361EB99C8000CFBEB3 /* circle-x-delete-button.png in Resources */,
				56DABE101EB7B9510068C804 /* CardSwipe.storyboard in Resources */,
				562B5BB41EAECD31000D20CE /* APIConfig.plist in Resources */,
				FAC619E01EBBF264000FBEFD /* tagTut.gif in Resources */,
			);
			runOnlyForDeploymentPostprocessing = 0;
		};
		FAA243361E706432009AB3DB /* Resources */ = {
			isa = PBXResourcesBuildPhase;
			buildActionMask = 2147483647;
			files = (
			);
			runOnlyForDeploymentPostprocessing = 0;
		};
		FAA243411E706432009AB3DB /* Resources */ = {
			isa = PBXResourcesBuildPhase;
			buildActionMask = 2147483647;
			files = (
			);
			runOnlyForDeploymentPostprocessing = 0;
		};
/* End PBXResourcesBuildPhase section */

/* Begin PBXShellScriptBuildPhase section */
		41881636F67FF2AE47CFCF08 /* [CP] Check Pods Manifest.lock */ = {
			isa = PBXShellScriptBuildPhase;
			buildActionMask = 2147483647;
			files = (
			);
			inputPaths = (
			);
			name = "[CP] Check Pods Manifest.lock";
			outputPaths = (
			);
			runOnlyForDeploymentPostprocessing = 0;
			shellPath = /bin/sh;
			shellScript = "diff \"${PODS_PODFILE_DIR_PATH}/Podfile.lock\" \"${PODS_ROOT}/Manifest.lock\" > /dev/null\nif [ $? != 0 ] ; then\n    # print error to STDERR\n    echo \"error: The sandbox is not in sync with the Podfile.lock. Run 'pod install' or update your CocoaPods installation.\" >&2\n    exit 1\nfi\n";
			showEnvVarsInLog = 0;
		};
		6050E1BBBF512E7869FF2990 /* [CP] Embed Pods Frameworks */ = {
			isa = PBXShellScriptBuildPhase;
			buildActionMask = 2147483647;
			files = (
			);
			inputPaths = (
			);
			name = "[CP] Embed Pods Frameworks";
			outputPaths = (
			);
			runOnlyForDeploymentPostprocessing = 0;
			shellPath = /bin/sh;
			shellScript = "\"${SRCROOT}/Pods/Target Support Files/Pods-TravelApp/Pods-TravelApp-frameworks.sh\"\n";
			showEnvVarsInLog = 0;
		};
		87A10B262DFBEDB1275D9395 /* [CP] Copy Pods Resources */ = {
			isa = PBXShellScriptBuildPhase;
			buildActionMask = 2147483647;
			files = (
			);
			inputPaths = (
			);
			name = "[CP] Copy Pods Resources";
			outputPaths = (
			);
			runOnlyForDeploymentPostprocessing = 0;
			shellPath = /bin/sh;
			shellScript = "\"${SRCROOT}/Pods/Target Support Files/Pods-TravelApp/Pods-TravelApp-resources.sh\"\n";
			showEnvVarsInLog = 0;
		};
/* End PBXShellScriptBuildPhase section */

/* Begin PBXSourcesBuildPhase section */
		FAA2431E1E706432009AB3DB /* Sources */ = {
			isa = PBXSourcesBuildPhase;
			buildActionMask = 2147483647;
			files = (
				FA452EFD1EAD7E5B009F007D /* TravelSearchBar.swift in Sources */,
				FA452EFC1EAD7E43009F007D /* PlacesAPISearch.swift in Sources */,
				FA452EFB1EAD7E36009F007D /* LocationService.swift in Sources */,
				96C0D02B1E77064300B316B8 /* Preference.swift in Sources */,
				40003B321EB966CD00CFBEB3 /* CartCollectionViewCell.swift in Sources */,
				56DABE121EB7B95A0068C804 /* CardSwipeController.swift in Sources */,
				4052B1461EA119C000BB16ED /* PopularTableViewCell.swift in Sources */,
				408C99E81EBC2A08008C94E6 /* CartCollectionReusableView.swift in Sources */,
				FAC619E81EBBF414000FBEFD /* SwipeTutViewController.swift in Sources */,
				4037C06B1EA400A80050114B /* PlacePhoto.swift in Sources */,
				FA85AF3B1EADB0BD00918965 /* Page1ViewController.swift in Sources */,
				960A1A441EBB152B00C3C886 /* CardView.swift in Sources */,
				FAF76E471EAD735500A5E094 /* PlaceDetailViewController.swift in Sources */,
				56E5AE361E805B710076C72F /* BubblesScene.swift in Sources */,
				FAA243581E7093A9009AB3DB /* CartViewController.swift in Sources */,
				960A1A461EBB1FA800C3C886 /* CardContentViewController.swift in Sources */,
				FAC619EA1EBBF444000FBEFD /* MapTutViewController.swift in Sources */,
				56E5AE3A1E81C1840076C72F /* Plist.swift in Sources */,
				1C19700E1EAD3CB100941820 /* MapSettingsController.swift in Sources */,
				56E5AE381E805C220076C72F /* BubbleNode.swift in Sources */,
				FAA2436D1E71C2D0009AB3DB /* MapViewController.swift in Sources */,
				FAF76E491EAD741E00A5E094 /* WelcomeButtonViewController.swift in Sources */,
				FA333D3A1EAD452E00FEA832 /* TagTutViewController.swift in Sources */,
				FAA2435E1E70BB1D009AB3DB /* TagViewController.swift in Sources */,
				407C8CB81E9C54F4002AF485 /* TravelNavBarView.swift in Sources */,
				407C8CBA1E9C54F4002AF485 /* TravelSearchController.swift in Sources */,
				4037C0691EA302AC0050114B /* PlaceStore.swift in Sources */,
				40003B381EB9A0D100CFBEB3 /* CartDeleteButton.swift in Sources */,
				40425EF51EA95400009EE626 /* NearbyCollectionViewFlowLayout.swift in Sources */,
				40B459391E9F5FA8005420B0 /* SlideUpCollectionViewCell.swift in Sources */,
				4037C06F1EA43DEC0050114B /* SlideUpView.swift in Sources */,
				FAF76E451EAD6B2B00A5E094 /* OnboardPageViewController.swift in Sources */,
				FAA243261E706432009AB3DB /* AppDelegate.swift in Sources */,
			);
			runOnlyForDeploymentPostprocessing = 0;
		};
		FAA243341E706432009AB3DB /* Sources */ = {
			isa = PBXSourcesBuildPhase;
			buildActionMask = 2147483647;
			files = (
				FAA2433D1E706432009AB3DB /* TravelAppTests.swift in Sources */,
			);
			runOnlyForDeploymentPostprocessing = 0;
		};
		FAA2433F1E706432009AB3DB /* Sources */ = {
			isa = PBXSourcesBuildPhase;
			buildActionMask = 2147483647;
			files = (
				FAA243481E706432009AB3DB /* TravelAppUITests.swift in Sources */,
			);
			runOnlyForDeploymentPostprocessing = 0;
		};
/* End PBXSourcesBuildPhase section */

/* Begin PBXTargetDependency section */
		FAA2433A1E706432009AB3DB /* PBXTargetDependency */ = {
			isa = PBXTargetDependency;
			target = FAA243211E706432009AB3DB /* TravelApp */;
			targetProxy = FAA243391E706432009AB3DB /* PBXContainerItemProxy */;
		};
		FAA243451E706432009AB3DB /* PBXTargetDependency */ = {
			isa = PBXTargetDependency;
			target = FAA243211E706432009AB3DB /* TravelApp */;
			targetProxy = FAA243441E706432009AB3DB /* PBXContainerItemProxy */;
		};
/* End PBXTargetDependency section */

/* Begin PBXVariantGroup section */
		FAA243301E706432009AB3DB /* LaunchScreen.storyboard */ = {
			isa = PBXVariantGroup;
			children = (
				FAA243311E706432009AB3DB /* Base */,
			);
			name = LaunchScreen.storyboard;
			sourceTree = "<group>";
		};
		FAA2435F1E71BD2C009AB3DB /* Tag.storyboard */ = {
			isa = PBXVariantGroup;
			children = (
				FAA243601E71BD2C009AB3DB /* Base */,
			);
			name = Tag.storyboard;
			sourceTree = "<group>";
		};
/* End PBXVariantGroup section */

/* Begin XCBuildConfiguration section */
		FAA2434A1E706432009AB3DB /* Debug */ = {
			isa = XCBuildConfiguration;
			buildSettings = {
				ALWAYS_SEARCH_USER_PATHS = NO;
				CLANG_ANALYZER_NONNULL = YES;
				CLANG_CXX_LANGUAGE_STANDARD = "gnu++0x";
				CLANG_CXX_LIBRARY = "libc++";
				CLANG_ENABLE_MODULES = YES;
				CLANG_ENABLE_OBJC_ARC = YES;
				CLANG_WARN_BOOL_CONVERSION = YES;
				CLANG_WARN_CONSTANT_CONVERSION = YES;
				CLANG_WARN_DIRECT_OBJC_ISA_USAGE = YES_ERROR;
				CLANG_WARN_DOCUMENTATION_COMMENTS = YES;
				CLANG_WARN_EMPTY_BODY = YES;
				CLANG_WARN_ENUM_CONVERSION = YES;
				CLANG_WARN_INFINITE_RECURSION = YES;
				CLANG_WARN_INT_CONVERSION = YES;
				CLANG_WARN_OBJC_ROOT_CLASS = YES_ERROR;
				CLANG_WARN_SUSPICIOUS_MOVE = YES;
				CLANG_WARN_UNREACHABLE_CODE = YES;
				CLANG_WARN__DUPLICATE_METHOD_MATCH = YES;
				"CODE_SIGN_IDENTITY[sdk=iphoneos*]" = "iPhone Developer";
				COPY_PHASE_STRIP = NO;
				DEBUG_INFORMATION_FORMAT = dwarf;
				DEVELOPMENT_TEAM = 3CBKZSSKFG;
				ENABLE_STRICT_OBJC_MSGSEND = YES;
				ENABLE_TESTABILITY = YES;
				GCC_C_LANGUAGE_STANDARD = gnu99;
				GCC_DYNAMIC_NO_PIC = NO;
				GCC_NO_COMMON_BLOCKS = YES;
				GCC_OPTIMIZATION_LEVEL = 0;
				GCC_PREPROCESSOR_DEFINITIONS = (
					"DEBUG=1",
					"$(inherited)",
				);
				GCC_WARN_64_TO_32_BIT_CONVERSION = YES;
				GCC_WARN_ABOUT_RETURN_TYPE = YES_ERROR;
				GCC_WARN_UNDECLARED_SELECTOR = YES;
				GCC_WARN_UNINITIALIZED_AUTOS = YES_AGGRESSIVE;
				GCC_WARN_UNUSED_FUNCTION = YES;
				GCC_WARN_UNUSED_VARIABLE = YES;
				IPHONEOS_DEPLOYMENT_TARGET = 10.2;
				MTL_ENABLE_DEBUG_INFO = YES;
				ONLY_ACTIVE_ARCH = YES;
				SDKROOT = iphoneos;
				SWIFT_ACTIVE_COMPILATION_CONDITIONS = DEBUG;
				SWIFT_OPTIMIZATION_LEVEL = "-Onone";
			};
			name = Debug;
		};
		FAA2434B1E706432009AB3DB /* Release */ = {
			isa = XCBuildConfiguration;
			buildSettings = {
				ALWAYS_SEARCH_USER_PATHS = NO;
				CLANG_ANALYZER_NONNULL = YES;
				CLANG_CXX_LANGUAGE_STANDARD = "gnu++0x";
				CLANG_CXX_LIBRARY = "libc++";
				CLANG_ENABLE_MODULES = YES;
				CLANG_ENABLE_OBJC_ARC = YES;
				CLANG_WARN_BOOL_CONVERSION = YES;
				CLANG_WARN_CONSTANT_CONVERSION = YES;
				CLANG_WARN_DIRECT_OBJC_ISA_USAGE = YES_ERROR;
				CLANG_WARN_DOCUMENTATION_COMMENTS = YES;
				CLANG_WARN_EMPTY_BODY = YES;
				CLANG_WARN_ENUM_CONVERSION = YES;
				CLANG_WARN_INFINITE_RECURSION = YES;
				CLANG_WARN_INT_CONVERSION = YES;
				CLANG_WARN_OBJC_ROOT_CLASS = YES_ERROR;
				CLANG_WARN_SUSPICIOUS_MOVE = YES;
				CLANG_WARN_UNREACHABLE_CODE = YES;
				CLANG_WARN__DUPLICATE_METHOD_MATCH = YES;
				"CODE_SIGN_IDENTITY[sdk=iphoneos*]" = "iPhone Developer";
				COPY_PHASE_STRIP = NO;
				DEBUG_INFORMATION_FORMAT = "dwarf-with-dsym";
				DEVELOPMENT_TEAM = 3CBKZSSKFG;
				ENABLE_NS_ASSERTIONS = NO;
				ENABLE_STRICT_OBJC_MSGSEND = YES;
				GCC_C_LANGUAGE_STANDARD = gnu99;
				GCC_NO_COMMON_BLOCKS = YES;
				GCC_WARN_64_TO_32_BIT_CONVERSION = YES;
				GCC_WARN_ABOUT_RETURN_TYPE = YES_ERROR;
				GCC_WARN_UNDECLARED_SELECTOR = YES;
				GCC_WARN_UNINITIALIZED_AUTOS = YES_AGGRESSIVE;
				GCC_WARN_UNUSED_FUNCTION = YES;
				GCC_WARN_UNUSED_VARIABLE = YES;
				IPHONEOS_DEPLOYMENT_TARGET = 10.2;
				MTL_ENABLE_DEBUG_INFO = NO;
				SDKROOT = iphoneos;
				SWIFT_OPTIMIZATION_LEVEL = "-Owholemodule";
				VALIDATE_PRODUCT = YES;
			};
			name = Release;
		};
		FAA2434D1E706432009AB3DB /* Debug */ = {
			isa = XCBuildConfiguration;
			baseConfigurationReference = D877152BD7B5F48564990CAE /* Pods-TravelApp.debug.xcconfig */;
			buildSettings = {
				ASSETCATALOG_COMPILER_APPICON_NAME = AppIcon;
				CLANG_ENABLE_MODULES = YES;
				DEVELOPMENT_TEAM = QVW9R3V5SU;
				FRAMEWORK_SEARCH_PATHS = (
					"$(inherited)",
					"\"$PODS_CONFIGURATION_BUILD_DIR/Cosmos\"",
					"\"$PODS_CONFIGURATION_BUILD_DIR/SIFloatingCollection\"",
					"\"${PODS_ROOT}/GoogleMaps/Base/Frameworks\"",
					"\"${PODS_ROOT}/GoogleMaps/Maps/Frameworks\"",
					"\"${PODS_ROOT}/GooglePlacePicker/Frameworks\"",
					"\"${PODS_ROOT}/GooglePlaces/Frameworks\"",
				);
				INFOPLIST_FILE = TravelApp/Info.plist;
				LD_RUNPATH_SEARCH_PATHS = "$(inherited) @executable_path/Frameworks";
				PRODUCT_BUNDLE_IDENTIFIER = com.cs407.TravelApp;
				PRODUCT_NAME = "$(TARGET_NAME)";
				SWIFT_OBJC_BRIDGING_HEADER = "";
				SWIFT_OPTIMIZATION_LEVEL = "-Onone";
				SWIFT_VERSION = 3.0;
			};
			name = Debug;
		};
		FAA2434E1E706432009AB3DB /* Release */ = {
			isa = XCBuildConfiguration;
			baseConfigurationReference = 5689233F0C1E7E572F694497 /* Pods-TravelApp.release.xcconfig */;
			buildSettings = {
				ASSETCATALOG_COMPILER_APPICON_NAME = AppIcon;
				CLANG_ENABLE_MODULES = YES;
				DEVELOPMENT_TEAM = QVW9R3V5SU;
				FRAMEWORK_SEARCH_PATHS = (
					"$(inherited)",
					"\"$PODS_CONFIGURATION_BUILD_DIR/Cosmos\"",
					"\"$PODS_CONFIGURATION_BUILD_DIR/SIFloatingCollection\"",
					"\"${PODS_ROOT}/GoogleMaps/Base/Frameworks\"",
					"\"${PODS_ROOT}/GoogleMaps/Maps/Frameworks\"",
					"\"${PODS_ROOT}/GooglePlacePicker/Frameworks\"",
					"\"${PODS_ROOT}/GooglePlaces/Frameworks\"",
				);
				INFOPLIST_FILE = TravelApp/Info.plist;
				LD_RUNPATH_SEARCH_PATHS = "$(inherited) @executable_path/Frameworks";
				PRODUCT_BUNDLE_IDENTIFIER = com.cs407.TravelApp;
				PRODUCT_NAME = "$(TARGET_NAME)";
				SWIFT_OBJC_BRIDGING_HEADER = "";
				SWIFT_VERSION = 3.0;
			};
			name = Release;
		};
		FAA243501E706432009AB3DB /* Debug */ = {
			isa = XCBuildConfiguration;
			buildSettings = {
				ALWAYS_EMBED_SWIFT_STANDARD_LIBRARIES = YES;
				BUNDLE_LOADER = "$(TEST_HOST)";
				INFOPLIST_FILE = TravelAppTests/Info.plist;
				LD_RUNPATH_SEARCH_PATHS = "$(inherited) @executable_path/Frameworks @loader_path/Frameworks";
				PRODUCT_BUNDLE_IDENTIFIER = com.scottfranklin.TravelAppTests;
				PRODUCT_NAME = "$(TARGET_NAME)";
				SWIFT_VERSION = 3.0;
				TEST_HOST = "$(BUILT_PRODUCTS_DIR)/TravelApp.app/TravelApp";
			};
			name = Debug;
		};
		FAA243511E706432009AB3DB /* Release */ = {
			isa = XCBuildConfiguration;
			buildSettings = {
				ALWAYS_EMBED_SWIFT_STANDARD_LIBRARIES = YES;
				BUNDLE_LOADER = "$(TEST_HOST)";
				INFOPLIST_FILE = TravelAppTests/Info.plist;
				LD_RUNPATH_SEARCH_PATHS = "$(inherited) @executable_path/Frameworks @loader_path/Frameworks";
				PRODUCT_BUNDLE_IDENTIFIER = com.scottfranklin.TravelAppTests;
				PRODUCT_NAME = "$(TARGET_NAME)";
				SWIFT_VERSION = 3.0;
				TEST_HOST = "$(BUILT_PRODUCTS_DIR)/TravelApp.app/TravelApp";
			};
			name = Release;
		};
		FAA243531E706432009AB3DB /* Debug */ = {
			isa = XCBuildConfiguration;
			buildSettings = {
				ALWAYS_EMBED_SWIFT_STANDARD_LIBRARIES = YES;
				INFOPLIST_FILE = TravelAppUITests/Info.plist;
				LD_RUNPATH_SEARCH_PATHS = "$(inherited) @executable_path/Frameworks @loader_path/Frameworks";
				PRODUCT_BUNDLE_IDENTIFIER = com.scottfranklin.TravelAppUITests;
				PRODUCT_NAME = "$(TARGET_NAME)";
				SWIFT_VERSION = 3.0;
				TEST_TARGET_NAME = TravelApp;
			};
			name = Debug;
		};
		FAA243541E706432009AB3DB /* Release */ = {
			isa = XCBuildConfiguration;
			buildSettings = {
				ALWAYS_EMBED_SWIFT_STANDARD_LIBRARIES = YES;
				INFOPLIST_FILE = TravelAppUITests/Info.plist;
				LD_RUNPATH_SEARCH_PATHS = "$(inherited) @executable_path/Frameworks @loader_path/Frameworks";
				PRODUCT_BUNDLE_IDENTIFIER = com.scottfranklin.TravelAppUITests;
				PRODUCT_NAME = "$(TARGET_NAME)";
				SWIFT_VERSION = 3.0;
				TEST_TARGET_NAME = TravelApp;
			};
			name = Release;
		};
/* End XCBuildConfiguration section */

/* Begin XCConfigurationList section */
		FAA2431D1E706432009AB3DB /* Build configuration list for PBXProject "TravelApp" */ = {
			isa = XCConfigurationList;
			buildConfigurations = (
				FAA2434A1E706432009AB3DB /* Debug */,
				FAA2434B1E706432009AB3DB /* Release */,
			);
			defaultConfigurationIsVisible = 0;
			defaultConfigurationName = Release;
		};
		FAA2434C1E706432009AB3DB /* Build configuration list for PBXNativeTarget "TravelApp" */ = {
			isa = XCConfigurationList;
			buildConfigurations = (
				FAA2434D1E706432009AB3DB /* Debug */,
				FAA2434E1E706432009AB3DB /* Release */,
			);
			defaultConfigurationIsVisible = 0;
			defaultConfigurationName = Release;
		};
		FAA2434F1E706432009AB3DB /* Build configuration list for PBXNativeTarget "TravelAppTests" */ = {
			isa = XCConfigurationList;
			buildConfigurations = (
				FAA243501E706432009AB3DB /* Debug */,
				FAA243511E706432009AB3DB /* Release */,
			);
			defaultConfigurationIsVisible = 0;
			defaultConfigurationName = Release;
		};
		FAA243521E706432009AB3DB /* Build configuration list for PBXNativeTarget "TravelAppUITests" */ = {
			isa = XCConfigurationList;
			buildConfigurations = (
				FAA243531E706432009AB3DB /* Debug */,
				FAA243541E706432009AB3DB /* Release */,
			);
			defaultConfigurationIsVisible = 0;
			defaultConfigurationName = Release;
		};
/* End XCConfigurationList section */
	};
	rootObject = FAA2431A1E706432009AB3DB /* Project object */;
}
